
Microsoft Visual Studio Solution File, Format Version 12.00
# Visual Studio 15
VisualStudioVersion = 15.0.28307.757
MinimumVisualStudioVersion = 10.0.40219.1
Project("{FAE04EC0-301F-11D3-BF4B-00C04F79EFBC}") = "SportsStore.WebUI", "SportsStore.WebUI\SportsStore.WebUI.csproj", "{9E5803A1-BE41-4607-B725-D7049E6B9BC5}"
EndProject
Project("{FAE04EC0-301F-11D3-BF4B-00C04F79EFBC}") = "SportsStore.Tests", "SportsStore.Tests\SportsStore.Tests.csproj", "{4375810D-6C2E-49FB-B3BB-1A52DFAE28DC}"
EndProject
Project("{FAE04EC0-301F-11D3-BF4B-00C04F79EFBC}") = "SportsStore.Domain", "SportsStore.Domain\SportsStore.Domain.csproj", "{07DF0609-B4EE-4DD2-9925-2B8E09349BC0}"
EndProject
Global
	GlobalSection(SolutionConfigurationPlatforms) = preSolution
		Debug|Any CPU = Debug|Any CPU
		Release|Any CPU = Release|Any CPU
	EndGlobalSection
	GlobalSection(ProjectConfigurationPlatforms) = postSolution
		{9E5803A1-BE41-4607-B725-D7049E6B9BC5}.Debug|Any CPU.ActiveCfg = Debug|Any CPU
		{9E5803A1-BE41-4607-B725-D7049E6B9BC5}.Debug|Any CPU.Build.0 = Debug|Any CPU
		{9E5803A1-BE41-4607-B725-D7049E6B9BC5}.Release|Any CPU.ActiveCfg = Release|Any CPU
		{9E5803A1-BE41-4607-B725-D7049E6B9BC5}.Release|Any CPU.Build.0 = Release|Any CPU
		{4375810D-6C2E-49FB-B3BB-1A52DFAE28DC}.Debug|Any CPU.ActiveCfg = Debug|Any CPU
		{4375810D-6C2E-49FB-B3BB-1A52DFAE28DC}.Debug|Any CPU.Build.0 = Debug|Any CPU
		{4375810D-6C2E-49FB-B3BB-1A52DFAE28DC}.Release|Any CPU.ActiveCfg = Release|Any CPU
		{4375810D-6C2E-49FB-B3BB-1A52DFAE28DC}.Release|Any CPU.Build.0 = Release|Any CPU
		{07DF0609-B4EE-4DD2-9925-2B8E09349BC0}.Debug|Any CPU.ActiveCfg = Debug|Any CPU
		{07DF0609-B4EE-4DD2-9925-2B8E09349BC0}.Debug|Any CPU.Build.0 = Debug|Any CPU
		{07DF0609-B4EE-4DD2-9925-2B8E09349BC0}.Release|Any CPU.ActiveCfg = Release|Any CPU
		{07DF0609-B4EE-4DD2-9925-2B8E09349BC0}.Release|Any CPU.Build.0 = Release|Any CPU
	EndGlobalSection
	GlobalSection(SolutionProperties) = preSolution
		HideSolutionNode = FALSE
	EndGlobalSection
	GlobalSection(ExtensibilityGlobals) = postSolution
		SolutionGuid = {92A08D71-3DDC-4855-8892-947A885541EA}
	EndGlobalSection
EndGlobal
